
Microsoft Visual Studio Solution File, Format Version 12.00
# Visual Studio Version 17
VisualStudioVersion = 17.13.35913.81
MinimumVisualStudioVersion = 10.0.40219.1
Project("{2150E333-8FDC-42A3-9474-1A3956D46DE8}") = "project", "project", "{02EA681E-C7D8-13C7-8484-4AC65E1B71E8}"
EndProject
Project("{FAE04EC0-301F-11D3-BF4B-00C04F79EFBC}") = "Demo.AutoTest", "Demo.AutoTest\Demo.AutoTest.csproj", "{D8E79944-F69C-4533-8CEB-F1CDA67CAA33}"
EndProject
Project("{2150E333-8FDC-42A3-9474-1A3956D46DE8}") = "core", "core", "{28C22C93-BB9B-4D6C-AE05-275EA20B0AF7}"
EndProject
Project("{FAE04EC0-301F-11D3-BF4B-00C04F79EFBC}") = "Demo.Windows.Core", "Demo.Windows.Core\Demo.Windows.Core.csproj", "{4091707C-E6D1-40B6-A3CF-07B05A6F63B2}"
EndProject
Project("{2150E333-8FDC-42A3-9474-1A3956D46DE8}") = "win", "win", "{47088B7D-76E7-42E9-ADE6-328529B58EE3}"
EndProject
Project("{FAE04EC0-301F-11D3-BF4B-00C04F79EFBC}") = "Demo.Windows.Controls", "Demo.Windows.Controls\Demo.Windows.Controls.csproj", "{3EDCFD25-8955-4A57-AB73-3795959950B9}"
EndProject
Project("{FAE04EC0-301F-11D3-BF4B-00C04F79EFBC}") = "Demo.AutoTest.Core", "Demo.AutoTest.Core\Demo.AutoTest.Core.csproj", "{23546518-CA26-47F1-9AEE-6A661E28976D}"
EndProject
Project("{FAE04EC0-301F-11D3-BF4B-00C04F79EFBC}") = "Demo.AutoTest.Model", "Demo.AutoTest.Model\Demo.AutoTest.Model.csproj", "{D74FA3BF-1902-41EA-95D9-3B797091B56D}"
EndProject
Project("{FAE04EC0-301F-11D3-BF4B-00C04F79EFBC}") = "Demo.Driver", "Demo.Driver\Demo.Driver.csproj", "{218DFB90-C9AE-4051-94F5-84D5368F0C44}"
EndProject
Project("{FAE04EC0-301F-11D3-BF4B-00C04F79EFBC}") = "Demo.Core", "Demo.Core\Demo.Core.csproj", "{12A2E101-B7AF-477D-A510-1555C4E1FF34}"
EndProject
Project("{FAE04EC0-301F-11D3-BF4B-00C04F79EFBC}") = "Demo.Windows.Icons", "Demo.Windows.Icons\Demo.Windows.Icons.csproj", "{F99D3198-37D9-4E64-AD58-6EEDABCB572A}"
EndProject
Project("{FAE04EC0-301F-11D3-BF4B-00C04F79EFBC}") = "Demo.Model", "Demo.Model\Demo.Model.csproj", "{929F8A8F-8E1C-42FE-A2C3-E2373470188E}"
EndProject
Project("{FAE04EC0-301F-11D3-BF4B-00C04F79EFBC}") = "Demo.Unility", "Demo.Unility\Demo.Unility.csproj", "{250C7404-B9C7-40AB-9260-0169F9700A5C}"
EndProject
Project("{FAE04EC0-301F-11D3-BF4B-00C04F79EFBC}") = "Demo.AutoTest.Language", "Demo.AutoTest.Language\Demo.AutoTest.Language.csproj", "{FA56281E-3460-4591-989F-43F2501B9E34}"
EndProject
Project("{2150E333-8FDC-42A3-9474-1A3956D46DE8}") = "TestTool", "TestTool", "{FDAB1898-1FFF-4037-BEA3-CE74BED1E772}"
EndProject
Project("{FAE04EC0-301F-11D3-BF4B-00C04F79EFBC}") = "TestTool.tc261", "TestTool.tc261\TestTool.tc261.csproj", "{98AAE9ED-00C0-413C-85C4-9B04A1721B86}"
EndProject
Project("{FAE04EC0-301F-11D3-BF4B-00C04F79EFBC}") = "TestTool.ATP2000SH", "TestTool.ATP2000SH\TestTool.ATP2000SH.csproj", "{6AF4ACC1-8E78-4B05-A7EC-34145413E0BF}"
EndProject
Project("{2150E333-8FDC-42A3-9474-1A3956D46DE8}") = "lang", "lang", "{D1B69C25-AFDB-4C93-8200-AC9BEB576D9C}"
EndProject
Project("{FAE04EC0-301F-11D3-BF4B-00C04F79EFBC}") = "Demo.Language", "Demo.Language\Demo.Language.csproj", "{2631B90C-E9BD-436C-BD10-A74AD3C305DF}"
EndProject
Project("{FAE04EC0-301F-11D3-BF4B-00C04F79EFBC}") = "TestTool.db", "TestTool.db\TestTool.db.csproj", "{D3ECC28A-0C04-4BAE-8AF9-41BE8A2BDDBC}"
EndProject
Project("{FAE04EC0-301F-11D3-BF4B-00C04F79EFBC}") = "ChannelTest", "ChannelTest\ChannelTest.csproj", "{2BCDFD5B-EA78-4A74-B2D3-BE5247202CA5}"
EndProject
Project("{FAE04EC0-301F-11D3-BF4B-00C04F79EFBC}") = "Demo.Communication", "Demo.Communication\Demo.Communication.csproj", "{9984339D-06B9-4B3B-AA56-2AEB92A91FAA}"
EndProject
Project("{FAE04EC0-301F-11D3-BF4B-00C04F79EFBC}") = "FuX.Core", "FuX.Core\FuX.Core.csproj", "{04EF85FA-6139-E0D0-6418-AF252165B018}"
EndProject
Project("{FAE04EC0-301F-11D3-BF4B-00C04F79EFBC}") = "FuX.Log", "FuX.Log\FuX.Log.csproj", "{A71049B3-CA37-BF40-3CEE-DDE43BF8361D}"
EndProject
Project("{FAE04EC0-301F-11D3-BF4B-00C04F79EFBC}") = "FuX.Model", "FuX.Model\FuX.Model.csproj", "{5302FBEB-6E0D-EB52-16D4-A77C922F220E}"
EndProject
Project("{FAE04EC0-301F-11D3-BF4B-00C04F79EFBC}") = "FuX.Sim", "FuX.Sim\FuX.Sim.csproj", "{6A4A435D-4199-8BD3-3DFD-96179207BA46}"
EndProject
Project("{FAE04EC0-301F-11D3-BF4B-00C04F79EFBC}") = "FuX.Unility", "FuX.Unility\FuX.Unility.csproj", "{6FB9331A-8773-3DCD-B81A-35916824DC5F}"
EndProject
Global
	GlobalSection(SolutionConfigurationPlatforms) = preSolution
		Debug|Any CPU = Debug|Any CPU
		Release|Any CPU = Release|Any CPU
	EndGlobalSection
	GlobalSection(ProjectConfigurationPlatforms) = postSolution
		{D8E79944-F69C-4533-8CEB-F1CDA67CAA33}.Debug|Any CPU.ActiveCfg = Debug|Any CPU
		{D8E79944-F69C-4533-8CEB-F1CDA67CAA33}.Debug|Any CPU.Build.0 = Debug|Any CPU
		{D8E79944-F69C-4533-8CEB-F1CDA67CAA33}.Release|Any CPU.ActiveCfg = Release|Any CPU
		{D8E79944-F69C-4533-8CEB-F1CDA67CAA33}.Release|Any CPU.Build.0 = Release|Any CPU
		{4091707C-E6D1-40B6-A3CF-07B05A6F63B2}.Debug|Any CPU.ActiveCfg = Debug|Any CPU
		{4091707C-E6D1-40B6-A3CF-07B05A6F63B2}.Debug|Any CPU.Build.0 = Debug|Any CPU
		{4091707C-E6D1-40B6-A3CF-07B05A6F63B2}.Release|Any CPU.ActiveCfg = Release|Any CPU
		{4091707C-E6D1-40B6-A3CF-07B05A6F63B2}.Release|Any CPU.Build.0 = Release|Any CPU
		{3EDCFD25-8955-4A57-AB73-3795959950B9}.Debug|Any CPU.ActiveCfg = Debug|Any CPU
		{3EDCFD25-8955-4A57-AB73-3795959950B9}.Debug|Any CPU.Build.0 = Debug|Any CPU
		{3EDCFD25-8955-4A57-AB73-3795959950B9}.Release|Any CPU.ActiveCfg = Release|Any CPU
		{3EDCFD25-8955-4A57-AB73-3795959950B9}.Release|Any CPU.Build.0 = Release|Any CPU
		{23546518-CA26-47F1-9AEE-6A661E28976D}.Debug|Any CPU.ActiveCfg = Debug|Any CPU
		{23546518-CA26-47F1-9AEE-6A661E28976D}.Debug|Any CPU.Build.0 = Debug|Any CPU
		{23546518-CA26-47F1-9AEE-6A661E28976D}.Release|Any CPU.ActiveCfg = Release|Any CPU
		{23546518-CA26-47F1-9AEE-6A661E28976D}.Release|Any CPU.Build.0 = Release|Any CPU
		{D74FA3BF-1902-41EA-95D9-3B797091B56D}.Debug|Any CPU.ActiveCfg = Debug|Any CPU
		{D74FA3BF-1902-41EA-95D9-3B797091B56D}.Debug|Any CPU.Build.0 = Debug|Any CPU
		{D74FA3BF-1902-41EA-95D9-3B797091B56D}.Release|Any CPU.ActiveCfg = Release|Any CPU
		{D74FA3BF-1902-41EA-95D9-3B797091B56D}.Release|Any CPU.Build.0 = Release|Any CPU
		{218DFB90-C9AE-4051-94F5-84D5368F0C44}.Debug|Any CPU.ActiveCfg = Debug|Any CPU
		{218DFB90-C9AE-4051-94F5-84D5368F0C44}.Debug|Any CPU.Build.0 = Debug|Any CPU
		{218DFB90-C9AE-4051-94F5-84D5368F0C44}.Release|Any CPU.ActiveCfg = Release|Any CPU
		{218DFB90-C9AE-4051-94F5-84D5368F0C44}.Release|Any CPU.Build.0 = Release|Any CPU
		{12A2E101-B7AF-477D-A510-1555C4E1FF34}.Debug|Any CPU.ActiveCfg = Debug|Any CPU
		{12A2E101-B7AF-477D-A510-1555C4E1FF34}.Debug|Any CPU.Build.0 = Debug|Any CPU
		{12A2E101-B7AF-477D-A510-1555C4E1FF34}.Release|Any CPU.ActiveCfg = Release|Any CPU
		{12A2E101-B7AF-477D-A510-1555C4E1FF34}.Release|Any CPU.Build.0 = Release|Any CPU
		{F99D3198-37D9-4E64-AD58-6EEDABCB572A}.Debug|Any CPU.ActiveCfg = Debug|Any CPU
		{F99D3198-37D9-4E64-AD58-6EEDABCB572A}.Debug|Any CPU.Build.0 = Debug|Any CPU
		{F99D3198-37D9-4E64-AD58-6EEDABCB572A}.Release|Any CPU.ActiveCfg = Release|Any CPU
		{F99D3198-37D9-4E64-AD58-6EEDABCB572A}.Release|Any CPU.Build.0 = Release|Any CPU
		{929F8A8F-8E1C-42FE-A2C3-E2373470188E}.Debug|Any CPU.ActiveCfg = Debug|Any CPU
		{929F8A8F-8E1C-42FE-A2C3-E2373470188E}.Debug|Any CPU.Build.0 = Debug|Any CPU
		{929F8A8F-8E1C-42FE-A2C3-E2373470188E}.Release|Any CPU.ActiveCfg = Release|Any CPU
		{929F8A8F-8E1C-42FE-A2C3-E2373470188E}.Release|Any CPU.Build.0 = Release|Any CPU
		{250C7404-B9C7-40AB-9260-0169F9700A5C}.Debug|Any CPU.ActiveCfg = Debug|Any CPU
		{250C7404-B9C7-40AB-9260-0169F9700A5C}.Debug|Any CPU.Build.0 = Debug|Any CPU
		{250C7404-B9C7-40AB-9260-0169F9700A5C}.Release|Any CPU.ActiveCfg = Release|Any CPU
		{250C7404-B9C7-40AB-9260-0169F9700A5C}.Release|Any CPU.Build.0 = Release|Any CPU
		{FA56281E-3460-4591-989F-43F2501B9E34}.Debug|Any CPU.ActiveCfg = Debug|Any CPU
		{FA56281E-3460-4591-989F-43F2501B9E34}.Debug|Any CPU.Build.0 = Debug|Any CPU
		{FA56281E-3460-4591-989F-43F2501B9E34}.Release|Any CPU.ActiveCfg = Release|Any CPU
		{FA56281E-3460-4591-989F-43F2501B9E34}.Release|Any CPU.Build.0 = Release|Any CPU
		{98AAE9ED-00C0-413C-85C4-9B04A1721B86}.Debug|Any CPU.ActiveCfg = Debug|Any CPU
		{98AAE9ED-00C0-413C-85C4-9B04A1721B86}.Debug|Any CPU.Build.0 = Debug|Any CPU
		{98AAE9ED-00C0-413C-85C4-9B04A1721B86}.Release|Any CPU.ActiveCfg = Release|Any CPU
		{98AAE9ED-00C0-413C-85C4-9B04A1721B86}.Release|Any CPU.Build.0 = Release|Any CPU
		{6AF4ACC1-8E78-4B05-A7EC-34145413E0BF}.Debug|Any CPU.ActiveCfg = Debug|Any CPU
		{6AF4ACC1-8E78-4B05-A7EC-34145413E0BF}.Debug|Any CPU.Build.0 = Debug|Any CPU
		{6AF4ACC1-8E78-4B05-A7EC-34145413E0BF}.Release|Any CPU.ActiveCfg = Release|Any CPU
		{6AF4ACC1-8E78-4B05-A7EC-34145413E0BF}.Release|Any CPU.Build.0 = Release|Any CPU
		{2631B90C-E9BD-436C-BD10-A74AD3C305DF}.Debug|Any CPU.ActiveCfg = Debug|Any CPU
		{2631B90C-E9BD-436C-BD10-A74AD3C305DF}.Debug|Any CPU.Build.0 = Debug|Any CPU
		{2631B90C-E9BD-436C-BD10-A74AD3C305DF}.Release|Any CPU.ActiveCfg = Release|Any CPU
		{2631B90C-E9BD-436C-BD10-A74AD3C305DF}.Release|Any CPU.Build.0 = Release|Any CPU
		{D3ECC28A-0C04-4BAE-8AF9-41BE8A2BDDBC}.Debug|Any CPU.ActiveCfg = Debug|Any CPU
		{D3ECC28A-0C04-4BAE-8AF9-41BE8A2BDDBC}.Debug|Any CPU.Build.0 = Debug|Any CPU
		{D3ECC28A-0C04-4BAE-8AF9-41BE8A2BDDBC}.Release|Any CPU.ActiveCfg = Release|Any CPU
		{D3ECC28A-0C04-4BAE-8AF9-41BE8A2BDDBC}.Release|Any CPU.Build.0 = Release|Any CPU
		{2BCDFD5B-EA78-4A74-B2D3-BE5247202CA5}.Debug|Any CPU.ActiveCfg = Debug|Any CPU
		{2BCDFD5B-EA78-4A74-B2D3-BE5247202CA5}.Debug|Any CPU.Build.0 = Debug|Any CPU
		{2BCDFD5B-EA78-4A74-B2D3-BE5247202CA5}.Release|Any CPU.ActiveCfg = Release|Any CPU
		{2BCDFD5B-EA78-4A74-B2D3-BE5247202CA5}.Release|Any CPU.Build.0 = Release|Any CPU
		{9984339D-06B9-4B3B-AA56-2AEB92A91FAA}.Debug|Any CPU.ActiveCfg = Debug|Any CPU
		{9984339D-06B9-4B3B-AA56-2AEB92A91FAA}.Debug|Any CPU.Build.0 = Debug|Any CPU
		{9984339D-06B9-4B3B-AA56-2AEB92A91FAA}.Release|Any CPU.ActiveCfg = Release|Any CPU
		{9984339D-06B9-4B3B-AA56-2AEB92A91FAA}.Release|Any CPU.Build.0 = Release|Any CPU
		{04EF85FA-6139-E0D0-6418-AF252165B018}.Debug|Any CPU.ActiveCfg = Debug|Any CPU
		{04EF85FA-6139-E0D0-6418-AF252165B018}.Debug|Any CPU.Build.0 = Debug|Any CPU
		{04EF85FA-6139-E0D0-6418-AF252165B018}.Release|Any CPU.ActiveCfg = Release|Any CPU
		{04EF85FA-6139-E0D0-6418-AF252165B018}.Release|Any CPU.Build.0 = Release|Any CPU
		{A71049B3-CA37-BF40-3CEE-DDE43BF8361D}.Debug|Any CPU.ActiveCfg = Debug|Any CPU
		{A71049B3-CA37-BF40-3CEE-DDE43BF8361D}.Debug|Any CPU.Build.0 = Debug|Any CPU
		{A71049B3-CA37-BF40-3CEE-DDE43BF8361D}.Release|Any CPU.ActiveCfg = Release|Any CPU
		{A71049B3-CA37-BF40-3CEE-DDE43BF8361D}.Release|Any CPU.Build.0 = Release|Any CPU
		{5302FBEB-6E0D-EB52-16D4-A77C922F220E}.Debug|Any CPU.ActiveCfg = Debug|Any CPU
		{5302FBEB-6E0D-EB52-16D4-A77C922F220E}.Debug|Any CPU.Build.0 = Debug|Any CPU
		{5302FBEB-6E0D-EB52-16D4-A77C922F220E}.Release|Any CPU.ActiveCfg = Release|Any CPU
		{5302FBEB-6E0D-EB52-16D4-A77C922F220E}.Release|Any CPU.Build.0 = Release|Any CPU
		{6A4A435D-4199-8BD3-3DFD-96179207BA46}.Debug|Any CPU.ActiveCfg = Debug|Any CPU
		{6A4A435D-4199-8BD3-3DFD-96179207BA46}.Debug|Any CPU.Build.0 = Debug|Any CPU
		{6A4A435D-4199-8BD3-3DFD-96179207BA46}.Release|Any CPU.ActiveCfg = Release|Any CPU
		{6A4A435D-4199-8BD3-3DFD-96179207BA46}.Release|Any CPU.Build.0 = Release|Any CPU
		{6FB9331A-8773-3DCD-B81A-35916824DC5F}.Debug|Any CPU.ActiveCfg = Debug|Any CPU
		{6FB9331A-8773-3DCD-B81A-35916824DC5F}.Debug|Any CPU.Build.0 = Debug|Any CPU
		{6FB9331A-8773-3DCD-B81A-35916824DC5F}.Release|Any CPU.ActiveCfg = Release|Any CPU
		{6FB9331A-8773-3DCD-B81A-35916824DC5F}.Release|Any CPU.Build.0 = Release|Any CPU
	EndGlobalSection
	GlobalSection(SolutionProperties) = preSolution
		HideSolutionNode = FALSE
	EndGlobalSection
	GlobalSection(NestedProjects) = preSolution
		{D8E79944-F69C-4533-8CEB-F1CDA67CAA33} = {02EA681E-C7D8-13C7-8484-4AC65E1B71E8}
		{4091707C-E6D1-40B6-A3CF-07B05A6F63B2} = {47088B7D-76E7-42E9-ADE6-328529B58EE3}
		{47088B7D-76E7-42E9-ADE6-328529B58EE3} = {28C22C93-BB9B-4D6C-AE05-275EA20B0AF7}
		{3EDCFD25-8955-4A57-AB73-3795959950B9} = {47088B7D-76E7-42E9-ADE6-328529B58EE3}
		{23546518-CA26-47F1-9AEE-6A661E28976D} = {02EA681E-C7D8-13C7-8484-4AC65E1B71E8}
		{D74FA3BF-1902-41EA-95D9-3B797091B56D} = {02EA681E-C7D8-13C7-8484-4AC65E1B71E8}
		{218DFB90-C9AE-4051-94F5-84D5368F0C44} = {28C22C93-BB9B-4D6C-AE05-275EA20B0AF7}
		{12A2E101-B7AF-477D-A510-1555C4E1FF34} = {28C22C93-BB9B-4D6C-AE05-275EA20B0AF7}
		{F99D3198-37D9-4E64-AD58-6EEDABCB572A} = {47088B7D-76E7-42E9-ADE6-328529B58EE3}
		{929F8A8F-8E1C-42FE-A2C3-E2373470188E} = {28C22C93-BB9B-4D6C-AE05-275EA20B0AF7}
		{250C7404-B9C7-40AB-9260-0169F9700A5C} = {28C22C93-BB9B-4D6C-AE05-275EA20B0AF7}
		{FA56281E-3460-4591-989F-43F2501B9E34} = {02EA681E-C7D8-13C7-8484-4AC65E1B71E8}
		{FDAB1898-1FFF-4037-BEA3-CE74BED1E772} = {02EA681E-C7D8-13C7-8484-4AC65E1B71E8}
		{98AAE9ED-00C0-413C-85C4-9B04A1721B86} = {FDAB1898-1FFF-4037-BEA3-CE74BED1E772}
		{6AF4ACC1-8E78-4B05-A7EC-34145413E0BF} = {FDAB1898-1FFF-4037-BEA3-CE74BED1E772}
		{D1B69C25-AFDB-4C93-8200-AC9BEB576D9C} = {28C22C93-BB9B-4D6C-AE05-275EA20B0AF7}
		{2631B90C-E9BD-436C-BD10-A74AD3C305DF} = {D1B69C25-AFDB-4C93-8200-AC9BEB576D9C}
		{D3ECC28A-0C04-4BAE-8AF9-41BE8A2BDDBC} = {FDAB1898-1FFF-4037-BEA3-CE74BED1E772}
		{2BCDFD5B-EA78-4A74-B2D3-BE5247202CA5} = {FDAB1898-1FFF-4037-BEA3-CE74BED1E772}
		{9984339D-06B9-4B3B-AA56-2AEB92A91FAA} = {28C22C93-BB9B-4D6C-AE05-275EA20B0AF7}
	EndGlobalSection
	GlobalSection(ExtensibilityGlobals) = postSolution
		RESX_CultureCountyOverrides = ko=ko-KR
		RESX_NeutralResourcesLanguage = zh-CN
		SolutionGuid = {7B30FBF5-87D4-46A5-AFF9-B543812C97B1}
	EndGlobalSection
EndGlobal
